
Microsoft Visual Studio Solution File, Format Version 12.00
# Visual Studio Version 17
VisualStudioVersion = 17.11.35222.181
MinimumVisualStudioVersion = 10.0.40219.1
Project("{FAE04EC0-301F-11D3-BF4B-00C04F79EFBC}") = "PokedexMVC", "PokedexMVC\PokedexMVC.csproj", "{F9DC0B30-04B0-4F57-A90D-E08F89101335}"
EndProject
Global
	GlobalSection(SolutionConfigurationPlatforms) = preSolution
		Debug|Any CPU = Debug|Any CPU
		Release|Any CPU = Release|Any CPU
	EndGlobalSection
	GlobalSection(ProjectConfigurationPlatforms) = postSolution
		{F9DC0B30-04B0-4F57-A90D-E08F89101335}.Debug|Any CPU.ActiveCfg = Debug|Any CPU
		{F9DC0B30-04B0-4F57-A90D-E08F89101335}.Debug|Any CPU.Build.0 = Debug|Any CPU
		{F9DC0B30-04B0-4F57-A90D-E08F89101335}.Release|Any CPU.ActiveCfg = Release|Any CPU
		{F9DC0B30-04B0-4F57-A90D-E08F89101335}.Release|Any CPU.Build.0 = Release|Any CPU
	EndGlobalSection
	GlobalSection(SolutionProperties) = preSolution
		HideSolutionNode = FALSE
	EndGlobalSection
	GlobalSection(ExtensibilityGlobals) = postSolution
		SolutionGuid = {0C1DD206-38D1-4C6F-A0C4-09A63F148989}
	EndGlobalSection
EndGlobal
